// !$*UTF8*$!
{
	archiveVersion = 1;
	classes = {
	};
	objectVersion = 50;
	objects = {

/* Begin PBXBuildFile section */
		1E18DB6F29337A68009FCB74 /* AppDelegate.swift in Sources */ = {isa = PBXBuildFile; fileRef = 1E18DB6E29337A68009FCB74 /* AppDelegate.swift */; };
		1E18DB7129337A68009FCB74 /* SceneDelegate.swift in Sources */ = {isa = PBXBuildFile; fileRef = 1E18DB7029337A68009FCB74 /* SceneDelegate.swift */; };
		1E18DB7329337A68009FCB74 /* UsersViewController.swift in Sources */ = {isa = PBXBuildFile; fileRef = 1E18DB7229337A68009FCB74 /* UsersViewController.swift */; };
		1E18DB7829337A6C009FCB74 /* Assets.xcassets in Resources */ = {isa = PBXBuildFile; fileRef = 1E18DB7729337A6C009FCB74 /* Assets.xcassets */; };
		1E18DB7B29337A6C009FCB74 /* LaunchScreen.storyboard in Resources */ = {isa = PBXBuildFile; fileRef = 1E18DB7929337A6C009FCB74 /* LaunchScreen.storyboard */; };
		1E5FD4E32934C490009EA473 /* UsersCellTableViewCell.swift in Sources */ = {isa = PBXBuildFile; fileRef = 1E5FD4E12934C490009EA473 /* UsersCellTableViewCell.swift */; };
		1E5FD4E42934C490009EA473 /* UsersCellTableViewCell.xib in Resources */ = {isa = PBXBuildFile; fileRef = 1E5FD4E22934C490009EA473 /* UsersCellTableViewCell.xib */; };
		1EDADA7F29337D5D00F5EF85 /* UsersPresenter.swift in Sources */ = {isa = PBXBuildFile; fileRef = 1EDADA7E29337D5D00F5EF85 /* UsersPresenter.swift */; };
		1EDADA8229337E1300F5EF85 /* UsersRouter.swift in Sources */ = {isa = PBXBuildFile; fileRef = 1EDADA8129337E1300F5EF85 /* UsersRouter.swift */; };
		1EDADA8529337E3200F5EF85 /* Users.swift in Sources */ = {isa = PBXBuildFile; fileRef = 1EDADA8429337E3200F5EF85 /* Users.swift */; };
		1EDADA8829337E5A00F5EF85 /* UsersInteractor.swift in Sources */ = {isa = PBXBuildFile; fileRef = 1EDADA8729337E5A00F5EF85 /* UsersInteractor.swift */; };
		1EDADA8B2933841600F5EF85 /* UsersWorker.swift in Sources */ = {isa = PBXBuildFile; fileRef = 1EDADA8A2933841600F5EF85 /* UsersWorker.swift */; };
		F2F05ED3834BF681756CCE0D /* Pods_VIPER_Test2.framework in Frameworks */ = {isa = PBXBuildFile; fileRef = 54E00029C16AA8FDA063FE12 /* Pods_VIPER_Test2.framework */; };
/* End PBXBuildFile section */

/* Begin PBXFileReference section */
		1E18DB6B29337A68009FCB74 /* VIPER-Test2.app */ = {isa = PBXFileReference; explicitFileType = wrapper.application; includeInIndex = 0; path = "VIPER-Test2.app"; sourceTree = BUILT_PRODUCTS_DIR; };
		1E18DB6E29337A68009FCB74 /* AppDelegate.swift */ = {isa = PBXFileReference; lastKnownFileType = sourcecode.swift; path = AppDelegate.swift; sourceTree = "<group>"; };
		1E18DB7029337A68009FCB74 /* SceneDelegate.swift */ = {isa = PBXFileReference; lastKnownFileType = sourcecode.swift; path = SceneDelegate.swift; sourceTree = "<group>"; };
		1E18DB7229337A68009FCB74 /* UsersViewController.swift */ = {isa = PBXFileReference; lastKnownFileType = sourcecode.swift; path = UsersViewController.swift; sourceTree = "<group>"; };
		1E18DB7729337A6C009FCB74 /* Assets.xcassets */ = {isa = PBXFileReference; lastKnownFileType = folder.assetcatalog; path = Assets.xcassets; sourceTree = "<group>"; };
		1E18DB7A29337A6C009FCB74 /* Base */ = {isa = PBXFileReference; lastKnownFileType = file.storyboard; name = Base; path = Base.lproj/LaunchScreen.storyboard; sourceTree = "<group>"; };
		1E18DB7C29337A6C009FCB74 /* Info.plist */ = {isa = PBXFileReference; lastKnownFileType = text.plist.xml; path = Info.plist; sourceTree = "<group>"; };
		1E5FD4E12934C490009EA473 /* UsersCellTableViewCell.swift */ = {isa = PBXFileReference; lastKnownFileType = sourcecode.swift; path = UsersCellTableViewCell.swift; sourceTree = "<group>"; };
		1E5FD4E22934C490009EA473 /* UsersCellTableViewCell.xib */ = {isa = PBXFileReference; lastKnownFileType = file.xib; path = UsersCellTableViewCell.xib; sourceTree = "<group>"; };
		1EDADA7E29337D5D00F5EF85 /* UsersPresenter.swift */ = {isa = PBXFileReference; lastKnownFileType = sourcecode.swift; path = UsersPresenter.swift; sourceTree = "<group>"; };
		1EDADA8129337E1300F5EF85 /* UsersRouter.swift */ = {isa = PBXFileReference; lastKnownFileType = sourcecode.swift; path = UsersRouter.swift; sourceTree = "<group>"; };
		1EDADA8429337E3200F5EF85 /* Users.swift */ = {isa = PBXFileReference; lastKnownFileType = sourcecode.swift; path = Users.swift; sourceTree = "<group>"; };
		1EDADA8729337E5A00F5EF85 /* UsersInteractor.swift */ = {isa = PBXFileReference; lastKnownFileType = sourcecode.swift; path = UsersInteractor.swift; sourceTree = "<group>"; };
		1EDADA8A2933841600F5EF85 /* UsersWorker.swift */ = {isa = PBXFileReference; lastKnownFileType = sourcecode.swift; path = UsersWorker.swift; sourceTree = "<group>"; };
		54E00029C16AA8FDA063FE12 /* Pods_VIPER_Test2.framework */ = {isa = PBXFileReference; explicitFileType = wrapper.framework; includeInIndex = 0; path = Pods_VIPER_Test2.framework; sourceTree = BUILT_PRODUCTS_DIR; };
		693D25B8F1FE67A10ABC21E4 /* Pods-VIPER-Test2.debug.xcconfig */ = {isa = PBXFileReference; includeInIndex = 1; lastKnownFileType = text.xcconfig; name = "Pods-VIPER-Test2.debug.xcconfig"; path = "Target Support Files/Pods-VIPER-Test2/Pods-VIPER-Test2.debug.xcconfig"; sourceTree = "<group>"; };
		7946ED98D198EDD93A715418 /* Pods-VIPER-Test2.release.xcconfig */ = {isa = PBXFileReference; includeInIndex = 1; lastKnownFileType = text.xcconfig; name = "Pods-VIPER-Test2.release.xcconfig"; path = "Target Support Files/Pods-VIPER-Test2/Pods-VIPER-Test2.release.xcconfig"; sourceTree = "<group>"; };
/* End PBXFileReference section */

/* Begin PBXFrameworksBuildPhase section */
		1E18DB6829337A68009FCB74 /* Frameworks */ = {
			isa = PBXFrameworksBuildPhase;
			buildActionMask = 2147483647;
			files = (
				F2F05ED3834BF681756CCE0D /* Pods_VIPER_Test2.framework in Frameworks */,
			);
			runOnlyForDeploymentPostprocessing = 0;
		};
/* End PBXFrameworksBuildPhase section */

/* Begin PBXGroup section */
		1E18DB6229337A68009FCB74 = {
			isa = PBXGroup;
			children = (
				1E18DB6D29337A68009FCB74 /* VIPER-Test2 */,
				1E18DB6C29337A68009FCB74 /* Products */,
				1E5A4C10EA86925992686C01 /* Pods */,
				B50524FAA384503D9C3887DD /* Frameworks */,
			);
			sourceTree = "<group>";
		};
		1E18DB6C29337A68009FCB74 /* Products */ = {
			isa = PBXGroup;
			children = (
				1E18DB6B29337A68009FCB74 /* VIPER-Test2.app */,
			);
			name = Products;
			sourceTree = "<group>";
		};
		1E18DB6D29337A68009FCB74 /* VIPER-Test2 */ = {
			isa = PBXGroup;
			children = (
				1E18DB8929337AB9009FCB74 /* Modules */,
				1E18DB8729337A96009FCB74 /* Assets */,
				1E18DB8629337A8B009FCB74 /* Configuration */,
				1E18DB8429337A82009FCB74 /* Apps */,
				1E18DB7929337A6C009FCB74 /* LaunchScreen.storyboard */,
			);
			path = "VIPER-Test2";
			sourceTree = "<group>";
		};
		1E18DB8429337A82009FCB74 /* Apps */ = {
			isa = PBXGroup;
			children = (
				1E18DB6E29337A68009FCB74 /* AppDelegate.swift */,
				1E18DB7029337A68009FCB74 /* SceneDelegate.swift */,
			);
			path = Apps;
			sourceTree = "<group>";
		};
		1E18DB8629337A8B009FCB74 /* Configuration */ = {
			isa = PBXGroup;
			children = (
				1E18DB7C29337A6C009FCB74 /* Info.plist */,
			);
			path = Configuration;
			sourceTree = "<group>";
		};
		1E18DB8729337A96009FCB74 /* Assets */ = {
			isa = PBXGroup;
			children = (
				1E18DB7729337A6C009FCB74 /* Assets.xcassets */,
			);
			path = Assets;
			sourceTree = "<group>";
		};
		1E18DB8929337AB9009FCB74 /* Modules */ = {
			isa = PBXGroup;
			children = (
				1E18DB8A29337AC2009FCB74 /* UsersView */,
			);
			path = Modules;
			sourceTree = "<group>";
		};
		1E18DB8A29337AC2009FCB74 /* UsersView */ = {
			isa = PBXGroup;
			children = (
				1E5FD4E02934C476009EA473 /* TableView */,
				1E18DB7229337A68009FCB74 /* UsersViewController.swift */,
				1EDADA7E29337D5D00F5EF85 /* UsersPresenter.swift */,
				1EDADA8129337E1300F5EF85 /* UsersRouter.swift */,
				1EDADA8429337E3200F5EF85 /* Users.swift */,
				1EDADA8729337E5A00F5EF85 /* UsersInteractor.swift */,
				1EDADA8A2933841600F5EF85 /* UsersWorker.swift */,
			);
			path = UsersView;
			sourceTree = "<group>";
		};
		1E5A4C10EA86925992686C01 /* Pods */ = {
			isa = PBXGroup;
			children = (
				693D25B8F1FE67A10ABC21E4 /* Pods-VIPER-Test2.debug.xcconfig */,
				7946ED98D198EDD93A715418 /* Pods-VIPER-Test2.release.xcconfig */,
			);
			name = Pods;
			path = Pods;
			sourceTree = "<group>";
		};
		1E5FD4E02934C476009EA473 /* TableView */ = {
			isa = PBXGroup;
			children = (
				1E5FD4E12934C490009EA473 /* UsersCellTableViewCell.swift */,
				1E5FD4E22934C490009EA473 /* UsersCellTableViewCell.xib */,
			);
			path = TableView;
			sourceTree = "<group>";
		};
		B50524FAA384503D9C3887DD /* Frameworks */ = {
			isa = PBXGroup;
			children = (
				54E00029C16AA8FDA063FE12 /* Pods_VIPER_Test2.framework */,
			);
			name = Frameworks;
			sourceTree = "<group>";
		};
/* End PBXGroup section */

/* Begin PBXNativeTarget section */
		1E18DB6A29337A68009FCB74 /* VIPER-Test2 */ = {
			isa = PBXNativeTarget;
			buildConfigurationList = 1E18DB7F29337A6C009FCB74 /* Build configuration list for PBXNativeTarget "VIPER-Test2" */;
			buildPhases = (
				32DC1BFD09BA2658B5942ECD /* [CP] Check Pods Manifest.lock */,
				1E18DB6729337A68009FCB74 /* Sources */,
				1E18DB6829337A68009FCB74 /* Frameworks */,
				1E18DB6929337A68009FCB74 /* Resources */,
				56E33A5F17975262807A2929 /* [CP] Embed Pods Frameworks */,
			);
			buildRules = (
			);
			dependencies = (
			);
			name = "VIPER-Test2";
			productName = "VIPER-Test2";
			productReference = 1E18DB6B29337A68009FCB74 /* VIPER-Test2.app */;
			productType = "com.apple.product-type.application";
		};
/* End PBXNativeTarget section */

/* Begin PBXProject section */
		1E18DB6329337A68009FCB74 /* Project object */ = {
			isa = PBXProject;
			attributes = {
				LastSwiftUpdateCheck = 1240;
				LastUpgradeCheck = 1240;
				TargetAttributes = {
					1E18DB6A29337A68009FCB74 = {
						CreatedOnToolsVersion = 12.4;
					};
				};
			};
			buildConfigurationList = 1E18DB6629337A68009FCB74 /* Build configuration list for PBXProject "VIPER-Test2" */;
			compatibilityVersion = "Xcode 9.3";
			developmentRegion = en;
			hasScannedForEncodings = 0;
			knownRegions = (
				en,
				Base,
			);
			mainGroup = 1E18DB6229337A68009FCB74;
			productRefGroup = 1E18DB6C29337A68009FCB74 /* Products */;
			projectDirPath = "";
			projectRoot = "";
			targets = (
				1E18DB6A29337A68009FCB74 /* VIPER-Test2 */,
			);
		};
/* End PBXProject section */

/* Begin PBXResourcesBuildPhase section */
		1E18DB6929337A68009FCB74 /* Resources */ = {
			isa = PBXResourcesBuildPhase;
			buildActionMask = 2147483647;
			files = (
				1E18DB7B29337A6C009FCB74 /* LaunchScreen.storyboard in Resources */,
				1E18DB7829337A6C009FCB74 /* Assets.xcassets in Resources */,
				1E5FD4E42934C490009EA473 /* UsersCellTableViewCell.xib in Resources */,
			);
			runOnlyForDeploymentPostprocessing = 0;
		};
/* End PBXResourcesBuildPhase section */

/* Begin PBXShellScriptBuildPhase section */
		32DC1BFD09BA2658B5942ECD /* [CP] Check Pods Manifest.lock */ = {
			isa = PBXShellScriptBuildPhase;
			buildActionMask = 2147483647;
			files = (
			);
			inputFileListPaths = (
			);
			inputPaths = (
				"${PODS_PODFILE_DIR_PATH}/Podfile.lock",
				"${PODS_ROOT}/Manifest.lock",
			);
			name = "[CP] Check Pods Manifest.lock";
			outputFileListPaths = (
			);
			outputPaths = (
				"$(DERIVED_FILE_DIR)/Pods-VIPER-Test2-checkManifestLockResult.txt",
			);
			runOnlyForDeploymentPostprocessing = 0;
			shellPath = /bin/sh;
			shellScript = "diff \"${PODS_PODFILE_DIR_PATH}/Podfile.lock\" \"${PODS_ROOT}/Manifest.lock\" > /dev/null\nif [ $? != 0 ] ; then\n    # print error to STDERR\n    echo \"error: The sandbox is not in sync with the Podfile.lock. Run 'pod install' or update your CocoaPods installation.\" >&2\n    exit 1\nfi\n# This output is used by Xcode 'outputs' to avoid re-running this script phase.\necho \"SUCCESS\" > \"${SCRIPT_OUTPUT_FILE_0}\"\n";
			showEnvVarsInLog = 0;
		};
		56E33A5F17975262807A2929 /* [CP] Embed Pods Frameworks */ = {
			isa = PBXShellScriptBuildPhase;
			buildActionMask = 2147483647;
			files = (
			);
			inputFileListPaths = (
				"${PODS_ROOT}/Target Support Files/Pods-VIPER-Test2/Pods-VIPER-Test2-frameworks-${CONFIGURATION}-input-files.xcfilelist",
			);
			name = "[CP] Embed Pods Frameworks";
			outputFileListPaths = (
				"${PODS_ROOT}/Target Support Files/Pods-VIPER-Test2/Pods-VIPER-Test2-frameworks-${CONFIGURATION}-output-files.xcfilelist",
			);
			runOnlyForDeploymentPostprocessing = 0;
			shellPath = /bin/sh;
			shellScript = "\"${PODS_ROOT}/Target Support Files/Pods-VIPER-Test2/Pods-VIPER-Test2-frameworks.sh\"\n";
			showEnvVarsInLog = 0;
		};
/* End PBXShellScriptBuildPhase section */

/* Begin PBXSourcesBuildPhase section */
		1E18DB6729337A68009FCB74 /* Sources */ = {
			isa = PBXSourcesBuildPhase;
			buildActionMask = 2147483647;
			files = (
				1EDADA8B2933841600F5EF85 /* UsersWorker.swift in Sources */,
				1EDADA8829337E5A00F5EF85 /* UsersInteractor.swift in Sources */,
				1E18DB7329337A68009FCB74 /* UsersViewController.swift in Sources */,
				1EDADA7F29337D5D00F5EF85 /* UsersPresenter.swift in Sources */,
				1E18DB6F29337A68009FCB74 /* AppDelegate.swift in Sources */,
				1EDADA8229337E1300F5EF85 /* UsersRouter.swift in Sources */,
				1EDADA8529337E3200F5EF85 /* Users.swift in Sources */,
				1E18DB7129337A68009FCB74 /* SceneDelegate.swift in Sources */,
				1E5FD4E32934C490009EA473 /* UsersCellTableViewCell.swift in Sources */,
			);
			runOnlyForDeploymentPostprocessing = 0;
		};
/* End PBXSourcesBuildPhase section */

/* Begin PBXVariantGroup section */
		1E18DB7929337A6C009FCB74 /* LaunchScreen.storyboard */ = {
			isa = PBXVariantGroup;
			children = (
				1E18DB7A29337A6C009FCB74 /* Base */,
			);
			name = LaunchScreen.storyboard;
			sourceTree = "<group>";
		};
/* End PBXVariantGroup section */

/* Begin XCBuildConfiguration section */
		1E18DB7D29337A6C009FCB74 /* Debug */ = {
			isa = XCBuildConfiguration;
			buildSettings = {
				ALWAYS_SEARCH_USER_PATHS = NO;
				CLANG_ANALYZER_NONNULL = YES;
				CLANG_ANALYZER_NUMBER_OBJECT_CONVERSION = YES_AGGRESSIVE;
				CLANG_CXX_LANGUAGE_STANDARD = "gnu++14";
				CLANG_CXX_LIBRARY = "libc++";
				CLANG_ENABLE_MODULES = YES;
				CLANG_ENABLE_OBJC_ARC = YES;
				CLANG_ENABLE_OBJC_WEAK = YES;
				CLANG_WARN_BLOCK_CAPTURE_AUTORELEASING = YES;
				CLANG_WARN_BOOL_CONVERSION = YES;
				CLANG_WARN_COMMA = YES;
				CLANG_WARN_CONSTANT_CONVERSION = YES;
				CLANG_WARN_DEPRECATED_OBJC_IMPLEMENTATIONS = YES;
				CLANG_WARN_DIRECT_OBJC_ISA_USAGE = YES_ERROR;
				CLANG_WARN_DOCUMENTATION_COMMENTS = YES;
				CLANG_WARN_EMPTY_BODY = YES;
				CLANG_WARN_ENUM_CONVERSION = YES;
				CLANG_WARN_INFINITE_RECURSION = YES;
				CLANG_WARN_INT_CONVERSION = YES;
				CLANG_WARN_NON_LITERAL_NULL_CONVERSION = YES;
				CLANG_WARN_OBJC_IMPLICIT_RETAIN_SELF = YES;
				CLANG_WARN_OBJC_LITERAL_CONVERSION = YES;
				CLANG_WARN_OBJC_ROOT_CLASS = YES_ERROR;
				CLANG_WARN_QUOTED_INCLUDE_IN_FRAMEWORK_HEADER = YES;
				CLANG_WARN_RANGE_LOOP_ANALYSIS = YES;
				CLANG_WARN_STRICT_PROTOTYPES = YES;
				CLANG_WARN_SUSPICIOUS_MOVE = YES;
				CLANG_WARN_UNGUARDED_AVAILABILITY = YES_AGGRESSIVE;
				CLANG_WARN_UNREACHABLE_CODE = YES;
				CLANG_WARN__DUPLICATE_METHOD_MATCH = YES;
				COPY_PHASE_STRIP = NO;
				DEBUG_INFORMATION_FORMAT = dwarf;
				ENABLE_STRICT_OBJC_MSGSEND = YES;
				ENABLE_TESTABILITY = YES;
				GCC_C_LANGUAGE_STANDARD = gnu11;
				GCC_DYNAMIC_NO_PIC = NO;
				GCC_NO_COMMON_BLOCKS = YES;
				GCC_OPTIMIZATION_LEVEL = 0;
				GCC_PREPROCESSOR_DEFINITIONS = (
					"DEBUG=1",
					"$(inherited)",
				);
				GCC_WARN_64_TO_32_BIT_CONVERSION = YES;
				GCC_WARN_ABOUT_RETURN_TYPE = YES_ERROR;
				GCC_WARN_UNDECLARED_SELECTOR = YES;
				GCC_WARN_UNINITIALIZED_AUTOS = YES_AGGRESSIVE;
				GCC_WARN_UNUSED_FUNCTION = YES;
				GCC_WARN_UNUSED_VARIABLE = YES;
				IPHONEOS_DEPLOYMENT_TARGET = 13.2;
				MTL_ENABLE_DEBUG_INFO = INCLUDE_SOURCE;
				MTL_FAST_MATH = YES;
				ONLY_ACTIVE_ARCH = YES;
				SDKROOT = iphoneos;
				SWIFT_ACTIVE_COMPILATION_CONDITIONS = DEBUG;
				SWIFT_OPTIMIZATION_LEVEL = "-Onone";
			};
			name = Debug;
		};
		1E18DB7E29337A6C009FCB74 /* Release */ = {
			isa = XCBuildConfiguration;
			buildSettings = {
				ALWAYS_SEARCH_USER_PATHS = NO;
				CLANG_ANALYZER_NONNULL = YES;
				CLANG_ANALYZER_NUMBER_OBJECT_CONVERSION = YES_AGGRESSIVE;
				CLANG_CXX_LANGUAGE_STANDARD = "gnu++14";
				CLANG_CXX_LIBRARY = "libc++";
				CLANG_ENABLE_MODULES = YES;
				CLANG_ENABLE_OBJC_ARC = YES;
				CLANG_ENABLE_OBJC_WEAK = YES;
				CLANG_WARN_BLOCK_CAPTURE_AUTORELEASING = YES;
				CLANG_WARN_BOOL_CONVERSION = YES;
				CLANG_WARN_COMMA = YES;
				CLANG_WARN_CONSTANT_CONVERSION = YES;
				CLANG_WARN_DEPRECATED_OBJC_IMPLEMENTATIONS = YES;
				CLANG_WARN_DIRECT_OBJC_ISA_USAGE = YES_ERROR;
				CLANG_WARN_DOCUMENTATION_COMMENTS = YES;
				CLANG_WARN_EMPTY_BODY = YES;
				CLANG_WARN_ENUM_CONVERSION = YES;
				CLANG_WARN_INFINITE_RECURSION = YES;
				CLANG_WARN_INT_CONVERSION = YES;
				CLANG_WARN_NON_LITERAL_NULL_CONVERSION = YES;
				CLANG_WARN_OBJC_IMPLICIT_RETAIN_SELF = YES;
				CLANG_WARN_OBJC_LITERAL_CONVERSION = YES;
				CLANG_WARN_OBJC_ROOT_CLASS = YES_ERROR;
				CLANG_WARN_QUOTED_INCLUDE_IN_FRAMEWORK_HEADER = YES;
				CLANG_WARN_RANGE_LOOP_ANALYSIS = YES;
				CLANG_WARN_STRICT_PROTOTYPES = YES;
				CLANG_WARN_SUSPICIOUS_MOVE = YES;
				CLANG_WARN_UNGUARDED_AVAILABILITY = YES_AGGRESSIVE;
				CLANG_WARN_UNREACHABLE_CODE = YES;
				CLANG_WARN__DUPLICATE_METHOD_MATCH = YES;
				COPY_PHASE_STRIP = NO;
				DEBUG_INFORMATION_FORMAT = "dwarf-with-dsym";
				ENABLE_NS_ASSERTIONS = NO;
				ENABLE_STRICT_OBJC_MSGSEND = YES;
				GCC_C_LANGUAGE_STANDARD = gnu11;
				GCC_NO_COMMON_BLOCKS = YES;
				GCC_WARN_64_TO_32_BIT_CONVERSION = YES;
				GCC_WARN_ABOUT_RETURN_TYPE = YES_ERROR;
				GCC_WARN_UNDECLARED_SELECTOR = YES;
				GCC_WARN_UNINITIALIZED_AUTOS = YES_AGGRESSIVE;
				GCC_WARN_UNUSED_FUNCTION = YES;
				GCC_WARN_UNUSED_VARIABLE = YES;
				IPHONEOS_DEPLOYMENT_TARGET = 13.2;
				MTL_ENABLE_DEBUG_INFO = NO;
				MTL_FAST_MATH = YES;
				SDKROOT = iphoneos;
				SWIFT_COMPILATION_MODE = wholemodule;
				SWIFT_OPTIMIZATION_LEVEL = "-O";
				VALIDATE_PRODUCT = YES;
			};
			name = Release;
		};
		1E18DB8029337A6C009FCB74 /* Debug */ = {
			isa = XCBuildConfiguration;
			baseConfigurationReference = 693D25B8F1FE67A10ABC21E4 /* Pods-VIPER-Test2.debug.xcconfig */;
			buildSettings = {
				ASSETCATALOG_COMPILER_APPICON_NAME = AppIcon;
				ASSETCATALOG_COMPILER_GLOBAL_ACCENT_COLOR_NAME = AccentColor;
				CODE_SIGN_STYLE = Automatic;
				DEVELOPMENT_TEAM = 5N79QDCTNF;
				INFOPLIST_FILE = "$(SRCROOT)/VIPER-Test2/Configuration/Info.plist";
				LD_RUNPATH_SEARCH_PATHS = (
					"$(inherited)",
					"@executable_path/Frameworks",
				);
				PRODUCT_BUNDLE_IDENTIFIER = "com.mahmoudhashim.VIPER-Test2";
				PRODUCT_NAME = "$(TARGET_NAME)";
				SWIFT_VERSION = 5.0;
				TARGETED_DEVICE_FAMILY = 1;
			};
			name = Debug;
		};
		1E18DB8129337A6C009FCB74 /* Release */ = {
			isa = XCBuildConfiguration;
			baseConfigurationReference = 7946ED98D198EDD93A715418 /* Pods-VIPER-Test2.release.xcconfig */;
			buildSettings = {
				ASSETCATALOG_COMPILER_APPICON_NAME = AppIcon;
				ASSETCATALOG_COMPILER_GLOBAL_ACCENT_COLOR_NAME = AccentColor;
				CODE_SIGN_STYLE = Automatic;
				DEVELOPMENT_TEAM = 5N79QDCTNF;
				INFOPLIST_FILE = "$(SRCROOT)/VIPER-Test2/Configuration/Info.plist";
				LD_RUNPATH_SEARCH_PATHS = (
					"$(inherited)",
					"@executable_path/Frameworks",
				);
				PRODUCT_BUNDLE_IDENTIFIER = "com.mahmoudhashim.VIPER-Test2";
				PRODUCT_NAME = "$(TARGET_NAME)";
				SWIFT_VERSION = 5.0;
				TARGETED_DEVICE_FAMILY = 1;
			};
			name = Release;
		};
/* End XCBuildConfiguration section */

/* Begin XCConfigurationList section */
		1E18DB6629337A68009FCB74 /* Build configuration list for PBXProject "VIPER-Test2" */ = {
			isa = XCConfigurationList;
			buildConfigurations = (
				1E18DB7D29337A6C009FCB74 /* Debug */,
				1E18DB7E29337A6C009FCB74 /* Release */,
			);
			defaultConfigurationIsVisible = 0;
			defaultConfigurationName = Release;
		};
		1E18DB7F29337A6C009FCB74 /* Build configuration list for PBXNativeTarget "VIPER-Test2" */ = {
			isa = XCConfigurationList;
			buildConfigurations = (
				1E18DB8029337A6C009FCB74 /* Debug */,
				1E18DB8129337A6C009FCB74 /* Release */,
			);
			defaultConfigurationIsVisible = 0;
			defaultConfigurationName = Release;
		};
/* End XCConfigurationList section */
	};
	rootObject = 1E18DB6329337A68009FCB74 /* Project object */;
}
